<?xml version="1.0" encoding="utf-8"?>
<Project ToolsVersion="4.0" xmlns="http://schemas.microsoft.com/developer/msbuild/2003">
  <ItemGroup>
    <Filter Include="Исходные файлы">
      <UniqueIdentifier>{4FC737F1-C7A5-4376-A066-2A32D752A2FF}</UniqueIdentifier>
      <Extensions>cpp;c;cc;cxx;c++;def;odl;idl;hpj;bat;asm;asmx</Extensions>
    </Filter>
    <Filter Include="Файлы заголовков">
      <UniqueIdentifier>{93995380-89BD-4b04-88EB-625FBE52EBFB}</UniqueIdentifier>
      <Extensions>h;hh;hpp;hxx;h++;hm;inl;inc;ipp;xsd</Extensions>
    </Filter>
    <Filter Include="Файлы ресурсов">
      <UniqueIdentifier>{67DA6AB6-F800-4c08-8B7A-83BB121AAD01}</UniqueIdentifier>
      <Extensions>rc;ico;cur;bmp;dlg;rc2;rct;bin;rgs;gif;jpg;jpeg;jpe;resx;tiff;tif;png;wav;mfcribbon-ms</Extensions>
    </Filter>
    <Filter Include="Исходные файлы\Components">
      <UniqueIdentifier>{d9bfa26e-c9a9-4046-9976-2279b4794a85}</UniqueIdentifier>
    </Filter>
    <Filter Include="Исходные файлы\Shaders">
      <UniqueIdentifier>{b07cee22-5f7e-42cf-bf72-3bc48fc9da24}</UniqueIdentifier>
    </Filter>
    <Filter Include="Исходные файлы\Core">
      <UniqueIdentifier>{40245cd2-3d25-4528-94d7-0ae7587042f6}</UniqueIdentifier>
    </Filter>
  </ItemGroup>
  <ItemGroup>
    <ClCompile Include="main.cpp">
      <Filter>Исходные файлы</Filter>
    </ClCompile>
    <ClCompile Include="Shader.cpp">
      <Filter>Исходные файлы</Filter>
    </ClCompile>
    <ClCompile Include="Camera.cpp">
      <Filter>Исходные файлы</Filter>
    </ClCompile>
    <ClCompile Include="Game.cpp">
      <Filter>Исходные файлы</Filter>
    </ClCompile>
    <ClCompile Include="MouseInputComponent.cpp">
      <Filter>Исходные файлы\Components</Filter>
    </ClCompile>
    <ClCompile Include="Cube.cpp">
      <Filter>Исходные файлы</Filter>
    </ClCompile>
    <ClCompile Include="KeyboardInputComponent.cpp">
      <Filter>Исходные файлы</Filter>
    </ClCompile>
    <ClCompile Include="Frustum.cpp">
      <Filter>Исходные файлы</Filter>
    </ClCompile>
    <ClCompile Include="Texture.cpp">
      <Filter>Исходные файлы</Filter>
    </ClCompile>
    <ClCompile Include="Chunk.cpp">
      <Filter>Исходные файлы</Filter>
    </ClCompile>
    <ClCompile Include="World.cpp">
      <Filter>Исходные файлы</Filter>
    </ClCompile>
  </ItemGroup>
  <ItemGroup>
    <None Include="cube.frag">
      <Filter>Исходные файлы\Shaders</Filter>
    </None>
    <None Include="cube.vert">
      <Filter>Исходные файлы\Shaders</Filter>
    </None>
    <None Include="test.vert">
      <Filter>Исходные файлы\Shaders</Filter>
    </None>
    <None Include="test.frag">
      <Filter>Исходные файлы\Shaders</Filter>
    </None>
    <None Include="cube.geom">
      <Filter>Исходные файлы\Shaders</Filter>
    </None>
    <None Include="face.vert">
      <Filter>Исходные файлы\Shaders</Filter>
    </None>
    <None Include="face.frag">
      <Filter>Исходные файлы\Shaders</Filter>
    </None>
    <None Include="quad.vert">
      <Filter>Исходные файлы\Shaders</Filter>
    </None>
    <None Include="quad.frag">
      <Filter>Исходные файлы\Shaders</Filter>
    </None>
  </ItemGroup>
  <ItemGroup>
    <ClInclude Include="Shader.h">
      <Filter>Файлы заголовков</Filter>
    </ClInclude>
    <ClInclude Include="Camera.h">
      <Filter>Файлы заголовков</Filter>
    </ClInclude>
    <ClInclude Include="Component.h">
      <Filter>Исходные файлы\Components</Filter>
    </ClInclude>
    <ClInclude Include="GameObject.h">
      <Filter>Файлы заголовков</Filter>
    </ClInclude>
    <ClInclude Include="helpfile.h">
      <Filter>Исходные файлы</Filter>
    </ClInclude>
    <ClInclude Include="Cube.h">
      <Filter>Файлы заголовков</Filter>
    </ClInclude>
    <ClInclude Include="Game.h">
      <Filter>Файлы заголовков</Filter>
    </ClInclude>
    <ClInclude Include="KeyboardInputComponent.h">
      <Filter>Исходные файлы\Components</Filter>
    </ClInclude>
    <ClInclude Include="MouseInputComponent.h">
      <Filter>Исходные файлы\Components</Filter>
    </ClInclude>
    <ClInclude Include="Material.h">
      <Filter>Исходные файлы\Core</Filter>
    </ClInclude>
    <ClInclude Include="Frustum.h">
      <Filter>Исходные файлы</Filter>
    </ClInclude>
    <ClInclude Include="stb_image.h">
      <Filter>Файлы заголовков</Filter>
    </ClInclude>
    <ClInclude Include="Texture.h">
      <Filter>Файлы заголовков</Filter>
    </ClInclude>
    <ClInclude Include="Chunk.h">
      <Filter>Файлы заголовков</Filter>
    </ClInclude>
    <ClInclude Include="World.h">
      <Filter>Файлы заголовков</Filter>
    </ClInclude>
    <ClInclude Include="Dictionary.h">
      <Filter>Файлы заголовков</Filter>
    </ClInclude>
    <ClInclude Include="StoneBlock.h">
      <Filter>Файлы заголовков</Filter>
    </ClInclude>
  </ItemGroup>
</Project>